// !$*UTF8*$!
{
	archiveVersion = 1;
	classes = {
	};
	objectVersion = 48;
	objects = {

/* Begin PBXBuildFile section */
		BF5980BB204BB8EE001788EA /* AppDelegate.swift in Sources */ = {isa = PBXBuildFile; fileRef = BF5980BA204BB8EE001788EA /* AppDelegate.swift */; };
		BF5980BD204BB8EE001788EA /* WineViewController.swift in Sources */ = {isa = PBXBuildFile; fileRef = BF5980BC204BB8EE001788EA /* WineViewController.swift */; };
		BF5980C0204BB8EE001788EA /* Main.storyboard in Resources */ = {isa = PBXBuildFile; fileRef = BF5980BE204BB8EE001788EA /* Main.storyboard */; };
		BF5980C2204BB8EE001788EA /* Assets.xcassets in Resources */ = {isa = PBXBuildFile; fileRef = BF5980C1204BB8EE001788EA /* Assets.xcassets */; };
		BF5980C5204BB8EE001788EA /* LaunchScreen.storyboard in Resources */ = {isa = PBXBuildFile; fileRef = BF5980C3204BB8EE001788EA /* LaunchScreen.storyboard */; };
		BF5980D1204BF1BF001788EA /* RatingControl.swift in Sources */ = {isa = PBXBuildFile; fileRef = BF5980D0204BF1BF001788EA /* RatingControl.swift */; };
		BF5980D3204C1BF9001788EA /* Wine.swift in Sources */ = {isa = PBXBuildFile; fileRef = BF5980D2204C1BF9001788EA /* Wine.swift */; };
		BFBFB189204C2544004AF621 /* wineListTests.swift in Sources */ = {isa = PBXBuildFile; fileRef = BFBFB188204C2544004AF621 /* wineListTests.swift */; };
		BFBFB191204C2A02004AF621 /* WineTableViewCell.swift in Sources */ = {isa = PBXBuildFile; fileRef = BFBFB190204C2A02004AF621 /* WineTableViewCell.swift */; };
		BFBFB193204C2E6A004AF621 /* WineTableViewController.swift in Sources */ = {isa = PBXBuildFile; fileRef = BFBFB192204C2E6A004AF621 /* WineTableViewController.swift */; };
/* End PBXBuildFile section */

/* Begin PBXContainerItemProxy section */
		BFBFB18B204C2544004AF621 /* PBXContainerItemProxy */ = {
			isa = PBXContainerItemProxy;
			containerPortal = BF5980AF204BB8ED001788EA /* Project object */;
			proxyType = 1;
			remoteGlobalIDString = BF5980B6204BB8ED001788EA;
			remoteInfo = wineList;
		};
/* End PBXContainerItemProxy section */

/* Begin PBXFileReference section */
		BF5980B7204BB8ED001788EA /* wineList.app */ = {isa = PBXFileReference; explicitFileType = wrapper.application; includeInIndex = 0; path = wineList.app; sourceTree = BUILT_PRODUCTS_DIR; };
		BF5980BA204BB8EE001788EA /* AppDelegate.swift */ = {isa = PBXFileReference; lastKnownFileType = sourcecode.swift; path = AppDelegate.swift; sourceTree = "<group>"; };
		BF5980BC204BB8EE001788EA /* WineViewController.swift */ = {isa = PBXFileReference; lastKnownFileType = sourcecode.swift; path = WineViewController.swift; sourceTree = "<group>"; };
		BF5980BF204BB8EE001788EA /* Base */ = {isa = PBXFileReference; lastKnownFileType = file.storyboard; name = Base; path = Base.lproj/Main.storyboard; sourceTree = "<group>"; };
		BF5980C1204BB8EE001788EA /* Assets.xcassets */ = {isa = PBXFileReference; lastKnownFileType = folder.assetcatalog; path = Assets.xcassets; sourceTree = "<group>"; };
		BF5980C4204BB8EE001788EA /* Base */ = {isa = PBXFileReference; lastKnownFileType = file.storyboard; name = Base; path = Base.lproj/LaunchScreen.storyboard; sourceTree = "<group>"; };
		BF5980C6204BB8EE001788EA /* Info.plist */ = {isa = PBXFileReference; lastKnownFileType = text.plist.xml; path = Info.plist; sourceTree = "<group>"; };
		BF5980D0204BF1BF001788EA /* RatingControl.swift */ = {isa = PBXFileReference; lastKnownFileType = sourcecode.swift; path = RatingControl.swift; sourceTree = "<group>"; };
		BF5980D2204C1BF9001788EA /* Wine.swift */ = {isa = PBXFileReference; lastKnownFileType = sourcecode.swift; path = Wine.swift; sourceTree = "<group>"; };
		BFBFB186204C2544004AF621 /* wineListTests.xctest */ = {isa = PBXFileReference; explicitFileType = wrapper.cfbundle; includeInIndex = 0; path = wineListTests.xctest; sourceTree = BUILT_PRODUCTS_DIR; };
		BFBFB188204C2544004AF621 /* wineListTests.swift */ = {isa = PBXFileReference; lastKnownFileType = sourcecode.swift; path = wineListTests.swift; sourceTree = "<group>"; };
		BFBFB18A204C2544004AF621 /* Info.plist */ = {isa = PBXFileReference; lastKnownFileType = text.plist.xml; path = Info.plist; sourceTree = "<group>"; };
		BFBFB190204C2A02004AF621 /* WineTableViewCell.swift */ = {isa = PBXFileReference; lastKnownFileType = sourcecode.swift; path = WineTableViewCell.swift; sourceTree = "<group>"; };
		BFBFB192204C2E6A004AF621 /* WineTableViewController.swift */ = {isa = PBXFileReference; lastKnownFileType = sourcecode.swift; path = WineTableViewController.swift; sourceTree = "<group>"; };
/* End PBXFileReference section */

/* Begin PBXFrameworksBuildPhase section */
		BF5980B4204BB8ED001788EA /* Frameworks */ = {
			isa = PBXFrameworksBuildPhase;
			buildActionMask = 2147483647;
			files = (
			);
			runOnlyForDeploymentPostprocessing = 0;
		};
		BFBFB183204C2544004AF621 /* Frameworks */ = {
			isa = PBXFrameworksBuildPhase;
			buildActionMask = 2147483647;
			files = (
			);
			runOnlyForDeploymentPostprocessing = 0;
		};
/* End PBXFrameworksBuildPhase section */

/* Begin PBXGroup section */
		BF5980AE204BB8ED001788EA = {
			isa = PBXGroup;
			children = (
				BF5980B9204BB8ED001788EA /* wineList */,
				BFBFB187204C2544004AF621 /* wineListTests */,
				BF5980B8204BB8ED001788EA /* Products */,
			);
			sourceTree = "<group>";
		};
		BF5980B8204BB8ED001788EA /* Products */ = {
			isa = PBXGroup;
			children = (
				BF5980B7204BB8ED001788EA /* wineList.app */,
				BFBFB186204C2544004AF621 /* wineListTests.xctest */,
			);
			name = Products;
			sourceTree = "<group>";
		};
		BF5980B9204BB8ED001788EA /* wineList */ = {
			isa = PBXGroup;
			children = (
				BF5980BA204BB8EE001788EA /* AppDelegate.swift */,
				BF5980BC204BB8EE001788EA /* WineViewController.swift */,
				BF5980BE204BB8EE001788EA /* Main.storyboard */,
				BFBFB192204C2E6A004AF621 /* WineTableViewController.swift */,
				BFBFB190204C2A02004AF621 /* WineTableViewCell.swift */,
				BF5980D2204C1BF9001788EA /* Wine.swift */,
				BF5980D0204BF1BF001788EA /* RatingControl.swift */,
				BF5980C1204BB8EE001788EA /* Assets.xcassets */,
				BF5980C3204BB8EE001788EA /* LaunchScreen.storyboard */,
				BF5980C6204BB8EE001788EA /* Info.plist */,
			);
			path = wineList;
			sourceTree = "<group>";
		};
		BFBFB187204C2544004AF621 /* wineListTests */ = {
			isa = PBXGroup;
			children = (
				BFBFB188204C2544004AF621 /* wineListTests.swift */,
				BFBFB18A204C2544004AF621 /* Info.plist */,
			);
			path = wineListTests;
			sourceTree = "<group>";
		};
/* End PBXGroup section */

/* Begin PBXNativeTarget section */
		BF5980B6204BB8ED001788EA /* wineList */ = {
			isa = PBXNativeTarget;
			buildConfigurationList = BF5980C9204BB8EE001788EA /* Build configuration list for PBXNativeTarget "wineList" */;
			buildPhases = (
				BF5980B3204BB8ED001788EA /* Sources */,
				BF5980B4204BB8ED001788EA /* Frameworks */,
				BF5980B5204BB8ED001788EA /* Resources */,
			);
			buildRules = (
			);
			dependencies = (
			);
			name = wineList;
			productName = wineList;
			productReference = BF5980B7204BB8ED001788EA /* wineList.app */;
			productType = "com.apple.product-type.application";
		};
		BFBFB185204C2544004AF621 /* wineListTests */ = {
			isa = PBXNativeTarget;
			buildConfigurationList = BFBFB18D204C2544004AF621 /* Build configuration list for PBXNativeTarget "wineListTests" */;
			buildPhases = (
				BFBFB182204C2544004AF621 /* Sources */,
				BFBFB183204C2544004AF621 /* Frameworks */,
				BFBFB184204C2544004AF621 /* Resources */,
			);
			buildRules = (
			);
			dependencies = (
				BFBFB18C204C2544004AF621 /* PBXTargetDependency */,
			);
			name = wineListTests;
			productName = wineListTests;
			productReference = BFBFB186204C2544004AF621 /* wineListTests.xctest */;
			productType = "com.apple.product-type.bundle.unit-test";
		};
/* End PBXNativeTarget section */

/* Begin PBXProject section */
		BF5980AF204BB8ED001788EA /* Project object */ = {
			isa = PBXProject;
			attributes = {
				LastSwiftUpdateCheck = 0920;
				LastUpgradeCheck = 0920;
				ORGANIZATIONNAME = yunaz;
				TargetAttributes = {
					BF5980B6204BB8ED001788EA = {
						CreatedOnToolsVersion = 9.2;
						ProvisioningStyle = Automatic;
					};
					BFBFB185204C2544004AF621 = {
						CreatedOnToolsVersion = 9.2;
						ProvisioningStyle = Automatic;
						TestTargetID = BF5980B6204BB8ED001788EA;
					};
				};
			};
			buildConfigurationList = BF5980B2204BB8ED001788EA /* Build configuration list for PBXProject "wineList" */;
			compatibilityVersion = "Xcode 8.0";
			developmentRegion = en;
			hasScannedForEncodings = 0;
			knownRegions = (
				en,
				Base,
			);
			mainGroup = BF5980AE204BB8ED001788EA;
			productRefGroup = BF5980B8204BB8ED001788EA /* Products */;
			projectDirPath = "";
			projectRoot = "";
			targets = (
				BF5980B6204BB8ED001788EA /* wineList */,
				BFBFB185204C2544004AF621 /* wineListTests */,
			);
		};
/* End PBXProject section */

/* Begin PBXResourcesBuildPhase section */
		BF5980B5204BB8ED001788EA /* Resources */ = {
			isa = PBXResourcesBuildPhase;
			buildActionMask = 2147483647;
			files = (
				BF5980C5204BB8EE001788EA /* LaunchScreen.storyboard in Resources */,
				BF5980C2204BB8EE001788EA /* Assets.xcassets in Resources */,
				BF5980C0204BB8EE001788EA /* Main.storyboard in Resources */,
			);
			runOnlyForDeploymentPostprocessing = 0;
		};
		BFBFB184204C2544004AF621 /* Resources */ = {
			isa = PBXResourcesBuildPhase;
			buildActionMask = 2147483647;
			files = (
			);
			runOnlyForDeploymentPostprocessing = 0;
		};
/* End PBXResourcesBuildPhase section */

/* Begin PBXSourcesBuildPhase section */
		BF5980B3204BB8ED001788EA /* Sources */ = {
			isa = PBXSourcesBuildPhase;
			buildActionMask = 2147483647;
			files = (
				BFBFB193204C2E6A004AF621 /* WineTableViewController.swift in Sources */,
				BF5980D1204BF1BF001788EA /* RatingControl.swift in Sources */,
				BF5980D3204C1BF9001788EA /* Wine.swift in Sources */,
				BF5980BD204BB8EE001788EA /* WineViewController.swift in Sources */,
				BFBFB191204C2A02004AF621 /* WineTableViewCell.swift in Sources */,
				BF5980BB204BB8EE001788EA /* AppDelegate.swift in Sources */,
			);
			runOnlyForDeploymentPostprocessing = 0;
		};
		BFBFB182204C2544004AF621 /* Sources */ = {
			isa = PBXSourcesBuildPhase;
			buildActionMask = 2147483647;
			files = (
				BFBFB189204C2544004AF621 /* wineListTests.swift in Sources */,
			);
			runOnlyForDeploymentPostprocessing = 0;
		};
/* End PBXSourcesBuildPhase section */

/* Begin PBXTargetDependency section */
		BFBFB18C204C2544004AF621 /* PBXTargetDependency */ = {
			isa = PBXTargetDependency;
			target = BF5980B6204BB8ED001788EA /* wineList */;
			targetProxy = BFBFB18B204C2544004AF621 /* PBXContainerItemProxy */;
		};
/* End PBXTargetDependency section */

/* Begin PBXVariantGroup section */
		BF5980BE204BB8EE001788EA /* Main.storyboard */ = {
			isa = PBXVariantGroup;
			children = (
				BF5980BF204BB8EE001788EA /* Base */,
			);
			name = Main.storyboard;
			sourceTree = "<group>";
		};
		BF5980C3204BB8EE001788EA /* LaunchScreen.storyboard */ = {
			isa = PBXVariantGroup;
			children = (
				BF5980C4204BB8EE001788EA /* Base */,
			);
			name = LaunchScreen.storyboard;
			sourceTree = "<group>";
		};
/* End PBXVariantGroup section */

/* Begin XCBuildConfiguration section */
		BF5980C7204BB8EE001788EA /* Debug */ = {
			isa = XCBuildConfiguration;
			buildSettings = {
				ALWAYS_SEARCH_USER_PATHS = NO;
				CLANG_ANALYZER_NONNULL = YES;
				CLANG_ANALYZER_NUMBER_OBJECT_CONVERSION = YES_AGGRESSIVE;
				CLANG_CXX_LANGUAGE_STANDARD = "gnu++14";
				CLANG_CXX_LIBRARY = "libc++";
				CLANG_ENABLE_MODULES = YES;
				CLANG_ENABLE_OBJC_ARC = YES;
				CLANG_WARN_BLOCK_CAPTURE_AUTORELEASING = YES;
				CLANG_WARN_BOOL_CONVERSION = YES;
				CLANG_WARN_COMMA = YES;
				CLANG_WARN_CONSTANT_CONVERSION = YES;
				CLANG_WARN_DIRECT_OBJC_ISA_USAGE = YES_ERROR;
				CLANG_WARN_DOCUMENTATION_COMMENTS = YES;
				CLANG_WARN_EMPTY_BODY = YES;
				CLANG_WARN_ENUM_CONVERSION = YES;
				CLANG_WARN_INFINITE_RECURSION = YES;
				CLANG_WARN_INT_CONVERSION = YES;
				CLANG_WARN_NON_LITERAL_NULL_CONVERSION = YES;
				CLANG_WARN_OBJC_LITERAL_CONVERSION = YES;
				CLANG_WARN_OBJC_ROOT_CLASS = YES_ERROR;
				CLANG_WARN_RANGE_LOOP_ANALYSIS = YES;
				CLANG_WARN_STRICT_PROTOTYPES = YES;
				CLANG_WARN_SUSPICIOUS_MOVE = YES;
				CLANG_WARN_UNGUARDED_AVAILABILITY = YES_AGGRESSIVE;
				CLANG_WARN_UNREACHABLE_CODE = YES;
				CLANG_WARN__DUPLICATE_METHOD_MATCH = YES;
				CODE_SIGN_IDENTITY = "iPhone Developer";
				COPY_PHASE_STRIP = NO;
				DEBUG_INFORMATION_FORMAT = dwarf;
				ENABLE_STRICT_OBJC_MSGSEND = YES;
				ENABLE_TESTABILITY = YES;
				GCC_C_LANGUAGE_STANDARD = gnu11;
				GCC_DYNAMIC_NO_PIC = NO;
				GCC_NO_COMMON_BLOCKS = YES;
				GCC_OPTIMIZATION_LEVEL = 0;
				GCC_PREPROCESSOR_DEFINITIONS = (
					"DEBUG=1",
					"$(inherited)",
				);
				GCC_WARN_64_TO_32_BIT_CONVERSION = YES;
				GCC_WARN_ABOUT_RETURN_TYPE = YES_ERROR;
				GCC_WARN_UNDECLARED_SELECTOR = YES;
				GCC_WARN_UNINITIALIZED_AUTOS = YES_AGGRESSIVE;
				GCC_WARN_UNUSED_FUNCTION = YES;
				GCC_WARN_UNUSED_VARIABLE = YES;
				IPHONEOS_DEPLOYMENT_TARGET = 10.2;
				MTL_ENABLE_DEBUG_INFO = YES;
				ONLY_ACTIVE_ARCH = YES;
				SDKROOT = iphoneos;
				SWIFT_ACTIVE_COMPILATION_CONDITIONS = DEBUG;
				SWIFT_OPTIMIZATION_LEVEL = "-Onone";
			};
			name = Debug;
		};
		BF5980C8204BB8EE001788EA /* Release */ = {
			isa = XCBuildConfiguration;
			buildSettings = {
				ALWAYS_SEARCH_USER_PATHS = NO;
				CLANG_ANALYZER_NONNULL = YES;
				CLANG_ANALYZER_NUMBER_OBJECT_CONVERSION = YES_AGGRESSIVE;
				CLANG_CXX_LANGUAGE_STANDARD = "gnu++14";
				CLANG_CXX_LIBRARY = "libc++";
				CLANG_ENABLE_MODULES = YES;
				CLANG_ENABLE_OBJC_ARC = YES;
				CLANG_WARN_BLOCK_CAPTURE_AUTORELEASING = YES;
				CLANG_WARN_BOOL_CONVERSION = YES;
				CLANG_WARN_COMMA = YES;
				CLANG_WARN_CONSTANT_CONVERSION = YES;
				CLANG_WARN_DIRECT_OBJC_ISA_USAGE = YES_ERROR;
				CLANG_WARN_DOCUMENTATION_COMMENTS = YES;
				CLANG_WARN_EMPTY_BODY = YES;
				CLANG_WARN_ENUM_CONVERSION = YES;
				CLANG_WARN_INFINITE_RECURSION = YES;
				CLANG_WARN_INT_CONVERSION = YES;
				CLANG_WARN_NON_LITERAL_NULL_CONVERSION = YES;
				CLANG_WARN_OBJC_LITERAL_CONVERSION = YES;
				CLANG_WARN_OBJC_ROOT_CLASS = YES_ERROR;
				CLANG_WARN_RANGE_LOOP_ANALYSIS = YES;
				CLANG_WARN_STRICT_PROTOTYPES = YES;
				CLANG_WARN_SUSPICIOUS_MOVE = YES;
				CLANG_WARN_UNGUARDED_AVAILABILITY = YES_AGGRESSIVE;
				CLANG_WARN_UNREACHABLE_CODE = YES;
				CLANG_WARN__DUPLICATE_METHOD_MATCH = YES;
				CODE_SIGN_IDENTITY = "iPhone Developer";
				COPY_PHASE_STRIP = NO;
				DEBUG_INFORMATION_FORMAT = "dwarf-with-dsym";
				ENABLE_NS_ASSERTIONS = NO;
				ENABLE_STRICT_OBJC_MSGSEND = YES;
				GCC_C_LANGUAGE_STANDARD = gnu11;
				GCC_NO_COMMON_BLOCKS = YES;
				GCC_WARN_64_TO_32_BIT_CONVERSION = YES;
				GCC_WARN_ABOUT_RETURN_TYPE = YES_ERROR;
				GCC_WARN_UNDECLARED_SELECTOR = YES;
				GCC_WARN_UNINITIALIZED_AUTOS = YES_AGGRESSIVE;
				GCC_WARN_UNUSED_FUNCTION = YES;
				GCC_WARN_UNUSED_VARIABLE = YES;
				IPHONEOS_DEPLOYMENT_TARGET = 10.2;
				MTL_ENABLE_DEBUG_INFO = NO;
				SDKROOT = iphoneos;
				SWIFT_OPTIMIZATION_LEVEL = "-Owholemodule";
				VALIDATE_PRODUCT = YES;
			};
			name = Release;
		};
		BF5980CA204BB8EE001788EA /* Debug */ = {
			isa = XCBuildConfiguration;
			buildSettings = {
				ASSETCATALOG_COMPILER_APPICON_NAME = AppIcon;
				CODE_SIGN_STYLE = Automatic;
				DEVELOPMENT_TEAM = ZK2PYWTP5V;
				INFOPLIST_FILE = wineList/Info.plist;
				LD_RUNPATH_SEARCH_PATHS = "$(inherited) @executable_path/Frameworks";
				PRODUCT_BUNDLE_IDENTIFIER = net.yunaz.wineList;
				PRODUCT_NAME = "$(TARGET_NAME)";
				SWIFT_VERSION = 4.0;
				TARGETED_DEVICE_FAMILY = "1,2";
			};
			name = Debug;
		};
		BF5980CB204BB8EE001788EA /* Release */ = {
			isa = XCBuildConfiguration;
			buildSettings = {
				ASSETCATALOG_COMPILER_APPICON_NAME = AppIcon;
				CODE_SIGN_STYLE = Automatic;
				DEVELOPMENT_TEAM = ZK2PYWTP5V;
				INFOPLIST_FILE = wineList/Info.plist;
				LD_RUNPATH_SEARCH_PATHS = "$(inherited) @executable_path/Frameworks";
				PRODUCT_BUNDLE_IDENTIFIER = net.yunaz.wineList;
				PRODUCT_NAME = "$(TARGET_NAME)";
				SWIFT_VERSION = 4.0;
				TARGETED_DEVICE_FAMILY = "1,2";
			};
			name = Release;
		};
		BFBFB18E204C2544004AF621 /* Debug */ = {
			isa = XCBuildConfiguration;
			buildSettings = {
				BUNDLE_LOADER = "$(TEST_HOST)";
				CODE_SIGN_STYLE = Automatic;
				DEVELOPMENT_TEAM = ZK2PYWTP5V;
				INFOPLIST_FILE = wineListTests/Info.plist;
				LD_RUNPATH_SEARCH_PATHS = "$(inherited) @executable_path/Frameworks @loader_path/Frameworks";
				PRODUCT_BUNDLE_IDENTIFIER = net.yunaz.wineListTests;
				PRODUCT_NAME = "$(TARGET_NAME)";
				SWIFT_VERSION = 4.0;
				TARGETED_DEVICE_FAMILY = "1,2";
				TEST_HOST = "$(BUILT_PRODUCTS_DIR)/wineList.app/wineList";
			};
			name = Debug;
		};
		BFBFB18F204C2544004AF621 /* Release */ = {
			isa = XCBuildConfiguration;
			buildSettings = {
				BUNDLE_LOADER = "$(TEST_HOST)";
				CODE_SIGN_STYLE = Automatic;
				DEVELOPMENT_TEAM = ZK2PYWTP5V;
				INFOPLIST_FILE = wineListTests/Info.plist;
				LD_RUNPATH_SEARCH_PATHS = "$(inherited) @executable_path/Frameworks @loader_path/Frameworks";
				PRODUCT_BUNDLE_IDENTIFIER = net.yunaz.wineListTests;
				PRODUCT_NAME = "$(TARGET_NAME)";
				SWIFT_VERSION = 4.0;
				TARGETED_DEVICE_FAMILY = "1,2";
				TEST_HOST = "$(BUILT_PRODUCTS_DIR)/wineList.app/wineList";
			};
			name = Release;
		};
/* End XCBuildConfiguration section */

/* Begin XCConfigurationList section */
		BF5980B2204BB8ED001788EA /* Build configuration list for PBXProject "wineList" */ = {
			isa = XCConfigurationList;
			buildConfigurations = (
				BF5980C7204BB8EE001788EA /* Debug */,
				BF5980C8204BB8EE001788EA /* Release */,
			);
			defaultConfigurationIsVisible = 0;
			defaultConfigurationName = Release;
		};
		BF5980C9204BB8EE001788EA /* Build configuration list for PBXNativeTarget "wineList" */ = {
			isa = XCConfigurationList;
			buildConfigurations = (
				BF5980CA204BB8EE001788EA /* Debug */,
				BF5980CB204BB8EE001788EA /* Release */,
			);
			defaultConfigurationIsVisible = 0;
			defaultConfigurationName = Release;
		};
		BFBFB18D204C2544004AF621 /* Build configuration list for PBXNativeTarget "wineListTests" */ = {
			isa = XCConfigurationList;
			buildConfigurations = (
				BFBFB18E204C2544004AF621 /* Debug */,
				BFBFB18F204C2544004AF621 /* Release */,
			);
			defaultConfigurationIsVisible = 0;
			defaultConfigurationName = Release;
		};
/* End XCConfigurationList section */
	};
	rootObject = BF5980AF204BB8ED001788EA /* Project object */;
}
